<?xml version="1.0" encoding="utf-8"?>
<Project ToolsVersion="4.0" xmlns="http://schemas.microsoft.com/developer/msbuild/2003">
  <ItemGroup>
    <Filter Include="PreCompiledHeader">
      <UniqueIdentifier>{594cab77-fe89-4233-9c64-3eeefc023208}</UniqueIdentifier>
    </Filter>
    <Filter Include="delegate">
      <UniqueIdentifier>{cbdfa7a4-a80e-40ad-9ad6-f1f9de3687b4}</UniqueIdentifier>
    </Filter>
    <Filter Include="Managers">
      <UniqueIdentifier>{b3225007-3595-4c33-87ab-5bba11175535}</UniqueIdentifier>
    </Filter>
    <Filter Include="Components">
      <UniqueIdentifier>{ed4bfeb0-32c9-4bad-87b9-f78451e77b0b}</UniqueIdentifier>
    </Filter>
    <Filter Include="Actors">
      <UniqueIdentifier>{024d1b51-6161-4cb6-b2f7-b2aa4ef0b2bb}</UniqueIdentifier>
    </Filter>
    <Filter Include="AI">
      <UniqueIdentifier>{20a04abd-4be1-4e75-9347-ea82ca2fac52}</UniqueIdentifier>
    </Filter>
    <Filter Include="Math">
      <UniqueIdentifier>{840c1118-71c2-4fb5-834a-f608a3d86c3a}</UniqueIdentifier>
    </Filter>
    <Filter Include="Rendering">
      <UniqueIdentifier>{b154b2d9-17d9-42ce-970d-b7c9fc47da32}</UniqueIdentifier>
    </Filter>
  </ItemGroup>
  <ItemGroup>
    <ClInclude Include="pch.h">
      <Filter>PreCompiledHeader</Filter>
    </ClInclude>
    <ClInclude Include="delegate.h">
      <Filter>delegate</Filter>
    </ClInclude>
    <ClInclude Include="InputManager.h">
      <Filter>Managers</Filter>
    </ClInclude>
    <ClInclude Include="World.h" />
    <ClInclude Include="ResourceManager.h">
      <Filter>Managers</Filter>
    </ClInclude>
    <ClInclude Include="PhysicsManager.h">
      <Filter>Managers</Filter>
    </ClInclude>
    <ClInclude Include="Component.h">
      <Filter>Components</Filter>
    </ClInclude>
    <ClInclude Include="CollisionComponent.h">
      <Filter>Components</Filter>
    </ClInclude>
    <ClInclude Include="AnimationComponent.h">
      <Filter>Components</Filter>
    </ClInclude>
    <ClInclude Include="Actor.h">
      <Filter>Actors</Filter>
    </ClInclude>
    <ClInclude Include="BackgroundActor.h">
      <Filter>Actors</Filter>
    </ClInclude>
    <ClInclude Include="Player.h">
      <Filter>Actors</Filter>
    </ClInclude>
    <ClInclude Include="Boss.h">
      <Filter>Actors</Filter>
    </ClInclude>
    <ClInclude Include="StateMachine.h">
      <Filter>AI</Filter>
    </ClInclude>
    <ClInclude Include="Neuron.h">
      <Filter>AI</Filter>
    </ClInclude>
    <ClInclude Include="NeuronLayer.h">
      <Filter>AI</Filter>
    </ClInclude>
    <ClInclude Include="NeuralNet.h">
      <Filter>AI</Filter>
    </ClInclude>
    <ClInclude Include="NNVisualizer.h">
      <Filter>AI</Filter>
    </ClInclude>
    <ClInclude Include="VectorMath.h">
      <Filter>Math</Filter>
    </ClInclude>
    <ClInclude Include="Primitive.h">
      <Filter>Rendering</Filter>
    </ClInclude>
  </ItemGroup>
  <ItemGroup>
    <ClCompile Include="GameLoop.cpp" />
    <ClCompile Include="InputManager.cpp">
      <Filter>Managers</Filter>
    </ClCompile>
    <ClCompile Include="World.cpp" />
    <ClCompile Include="ResourceManager.cpp">
      <Filter>Managers</Filter>
    </ClCompile>
    <ClCompile Include="PhysicsManager.cpp">
      <Filter>Managers</Filter>
    </ClCompile>
    <ClCompile Include="Component.cpp">
      <Filter>Components</Filter>
    </ClCompile>
    <ClCompile Include="CollisionComponent.cpp">
      <Filter>Components</Filter>
    </ClCompile>
    <ClCompile Include="AnimationComponent.cpp">
      <Filter>Components</Filter>
    </ClCompile>
    <ClCompile Include="Actor.cpp">
      <Filter>Actors</Filter>
    </ClCompile>
    <ClCompile Include="BackgroundActor.cpp">
      <Filter>Actors</Filter>
    </ClCompile>
    <ClCompile Include="Player.cpp">
      <Filter>Actors</Filter>
    </ClCompile>
    <ClCompile Include="Boss.cpp">
      <Filter>Actors</Filter>
    </ClCompile>
    <ClCompile Include="StateMachine.cpp">
      <Filter>AI</Filter>
    </ClCompile>
    <ClCompile Include="Neuron.cpp">
      <Filter>AI</Filter>
    </ClCompile>
    <ClCompile Include="NeuronLayer.cpp">
      <Filter>AI</Filter>
    </ClCompile>
    <ClCompile Include="NeuralNet.cpp">
      <Filter>AI</Filter>
    </ClCompile>
    <ClCompile Include="NNVisualizer.cpp">
      <Filter>AI</Filter>
    </ClCompile>
    <ClCompile Include="VectorMath.cpp">
      <Filter>Math</Filter>
    </ClCompile>
    <ClCompile Include="Primitive.cpp">
      <Filter>Rendering</Filter>
    </ClCompile>
  </ItemGroup>
  <ItemGroup>
    <None Include="packages.config" />
  </ItemGroup>
</Project>